
Microsoft Visual Studio Solution File, Format Version 12.00
# Visual Studio Version 17
VisualStudioVersion = 17.5.33627.172
MinimumVisualStudioVersion = 10.0.40219.1
Project("{9A19103F-16F7-4668-BE54-9A1E7A4F7556}") = "App", "App\App.csproj", "{653E0861-5B48-49DC-98CE-A725D2DEACB8}"
EndProject
Project("{9A19103F-16F7-4668-BE54-9A1E7A4F7556}") = "TemplateAction", "TemplateAction\TemplateAction.csproj", "{2A35206C-78C2-495C-ABFB-2737227CD628}"
EndProject
Project("{9A19103F-16F7-4668-BE54-9A1E7A4F7556}") = "TemplateAction.NetCore", "TemplateAction.NetCore\TemplateAction.NetCore.csproj", "{D0BE4291-99F5-48A7-BF1D-35681FF522D6}"
EndProject
Project("{9A19103F-16F7-4668-BE54-9A1E7A4F7556}") = "MyAccess", "MyAccess\MyAccess.csproj", "{358E968B-DDEF-43CA-B9D4-094B77FAE7F9}"
EndProject
Project("{2150E333-8FDC-42A3-9474-1A3956D46DE8}") = "Modules", "Modules", "{CD28CBED-71E7-423E-8599-1521EBFBEF44}"
EndProject
Project("{9A19103F-16F7-4668-BE54-9A1E7A4F7556}") = "Common", "Common\Common.csproj", "{467E0948-C3DA-4272-B2AA-0D6AA977A1E4}"
EndProject
Project("{2150E333-8FDC-42A3-9474-1A3956D46DE8}") = "Channel", "Channel", "{C26B908B-B010-4265-8BDE-BFB935C899BF}"
EndProject
Project("{9A19103F-16F7-4668-BE54-9A1E7A4F7556}") = "MqttChannel", "Channel\MqttChannel\MqttChannel.csproj", "{1F5C8240-047D-4497-AE63-45A871DA74AD}"
EndProject
Project("{9A19103F-16F7-4668-BE54-9A1E7A4F7556}") = "AuthService", "Modules\AuthService\AuthService.csproj", "{08991597-2092-4A22-B924-862F68934F22}"
EndProject
Project("{9A19103F-16F7-4668-BE54-9A1E7A4F7556}") = "CardService", "Modules\CardService\CardService.csproj", "{FDF9771F-2FD3-468A-8895-F411FCD7343C}"
EndProject
Project("{9A19103F-16F7-4668-BE54-9A1E7A4F7556}") = "DeveloperService", "Modules\DeveloperService\DeveloperService.csproj", "{50941521-5A70-4F72-8B0F-1FB3E7A01B3A}"
EndProject
Project("{9A19103F-16F7-4668-BE54-9A1E7A4F7556}") = "DictService", "Modules\DictService\DictService.csproj", "{7012915E-0F99-4277-98FE-359E7C106B07}"
EndProject
Project("{9A19103F-16F7-4668-BE54-9A1E7A4F7556}") = "FlowService", "Modules\FlowService\FlowService.csproj", "{CEE2F554-1E61-4C0D-B3F9-8E42DB7BCA2E}"
EndProject
Project("{9A19103F-16F7-4668-BE54-9A1E7A4F7556}") = "IoTService", "Modules\IoTService\IoTService.csproj", "{E819AD9F-D651-4290-9485-5166DBAD944E}"
EndProject
Project("{9A19103F-16F7-4668-BE54-9A1E7A4F7556}") = "MonitorService", "Modules\MonitorService\MonitorService.csproj", "{11E917E9-C8C6-48EE-841A-88F7B7292528}"
EndProject
Project("{9A19103F-16F7-4668-BE54-9A1E7A4F7556}") = "WeiXinService", "Modules\WeiXinService\WeiXinService.csproj", "{4CD8BBBB-E049-4B66-90D5-DC11F6E2ABB9}"
EndProject
Project("{9A19103F-16F7-4668-BE54-9A1E7A4F7556}") = "MessageService", "Modules\MessageService\MessageService.csproj", "{E9FBCDF3-EEEF-4858-8667-133579CEA4D0}"
EndProject
Project("{9A19103F-16F7-4668-BE54-9A1E7A4F7556}") = "EmailService", "Modules\EmailService\EmailService.csproj", "{200D967C-059A-46BE-899A-35AEA2CC306C}"
EndProject
Project("{9A19103F-16F7-4668-BE54-9A1E7A4F7556}") = "SMSService", "Modules\SMSService\SMSService.csproj", "{EB438B1C-F575-40E5-A28D-9291FA7F425B}"
EndProject
Project("{9A19103F-16F7-4668-BE54-9A1E7A4F7556}") = "MqttService", "Modules\MqttService\MqttService.csproj", "{80F9B9B6-8453-4755-8121-05E1F7AFFD4C}"
EndProject
Project("{9A19103F-16F7-4668-BE54-9A1E7A4F7556}") = "ModbusChannel", "Channel\ModbusChannel\ModbusChannel.csproj", "{3E31DDC8-BF59-43BE-A8A8-CDF8C7A9FC8C}"
EndProject
Project("{9A19103F-16F7-4668-BE54-9A1E7A4F7556}") = "IoTRulesService", "Modules\IoTRulesService\IoTRulesService.csproj", "{E2205593-439D-44E6-95D1-BC8F395FFF9F}"
EndProject
Project("{9A19103F-16F7-4668-BE54-9A1E7A4F7556}") = "ReportService", "Modules\ReportService\ReportService.csproj", "{E88AA897-149F-4E2D-B5B3-AD14B55E7105}"
EndProject
Project("{9A19103F-16F7-4668-BE54-9A1E7A4F7556}") = "CRMService", "Modules\CRMService\CRMService.csproj", "{F5800A4D-093E-4D3E-B358-488140D4D0C2}"
EndProject
Project("{9A19103F-16F7-4668-BE54-9A1E7A4F7556}") = "DiscussService", "Modules\DiscussService\DiscussService.csproj", "{0B3F2C8D-253C-4164-BD92-718C242A01CB}"
EndProject
Project("{9A19103F-16F7-4668-BE54-9A1E7A4F7556}") = "PayService", "Modules\PayService\PayService.csproj", "{A89481D9-46C4-44C9-BF8D-53C0A898F031}"
EndProject
Project("{2150E333-8FDC-42A3-9474-1A3956D46DE8}") = "Tool", "Tool", "{3ADA676F-4B01-4E10-B7BF-EAAD23A764EC}"
EndProject
Project("{9A19103F-16F7-4668-BE54-9A1E7A4F7556}") = "AirJointUI", "AirJointUI\AirJointUI.csproj", "{E805670E-4BCA-4E45-BE94-E417B1B1B92A}"
EndProject
Project("{9A19103F-16F7-4668-BE54-9A1E7A4F7556}") = "AirJointUI.Desktop", "AirJointUI.Desktop\AirJointUI.Desktop.csproj", "{D78431B5-95A3-451F-9185-183935D1246A}"
EndProject
Project("{9A19103F-16F7-4668-BE54-9A1E7A4F7556}") = "ChannelUtility", "Channel\ChannelUtility\ChannelUtility.csproj", "{2938CBB4-FB84-43B7-B4D1-6362D02C042F}"
EndProject
Project("{9A19103F-16F7-4668-BE54-9A1E7A4F7556}") = "HttpChannel", "Channel\HttpChannel\HttpChannel.csproj", "{406B2634-DD38-49A6-BECF-8CF447F997BD}"
EndProject
Project("{9A19103F-16F7-4668-BE54-9A1E7A4F7556}") = "ThirdPartyService", "Modules\ThirdPartyService\ThirdPartyService.csproj", "{85E4BB74-7468-45F4-89FD-4248B8EC8A6A}"
EndProject
Project("{2150E333-8FDC-42A3-9474-1A3956D46DE8}") = "Third", "Third", "{C4F73D91-B2AD-4365-9714-D119D7E056D5}"
EndProject
Project("{9A19103F-16F7-4668-BE54-9A1E7A4F7556}") = "FastTunnel.Core", "Third\FastTunnel.Core\FastTunnel.Core.csproj", "{8DAE1378-C9FC-4363-9596-CC1EDDA24E4E}"
EndProject
Project("{9A19103F-16F7-4668-BE54-9A1E7A4F7556}") = "FastTunnel.Core.Client", "Third\FastTunnel.Core.Client\FastTunnel.Core.Client.csproj", "{2D14A70D-FAE1-4EA8-A0C9-D14D4A7864A6}"
EndProject
Project("{FAE04EC0-301F-11D3-BF4B-00C04F79EFBC}") = "FastTunnelServer", "Third\FastTunnelServer\FastTunnelServer.csproj", "{3BB44CC3-0DDC-4E45-A5E6-2ED97A1745B5}"
EndProject
Project("{FAE04EC0-301F-11D3-BF4B-00C04F79EFBC}") = "MESService", "Modules\MESService\MESService.csproj", "{AA6C87EB-5315-41F0-8E92-5552CFE33943}"
EndProject
Project("{FAE04EC0-301F-11D3-BF4B-00C04F79EFBC}") = "SaleService", "Modules\SaleService\SaleService.csproj", "{319F0A6E-FE03-422F-B3A2-29E4AA578B74}"
EndProject
Project("{FAE04EC0-301F-11D3-BF4B-00C04F79EFBC}") = "ProducerService", "Modules\ProducerService\ProducerService.csproj", "{12B9ED48-70D1-4979-88A3-C094FC8A3B38}"
EndProject
Project("{FAE04EC0-301F-11D3-BF4B-00C04F79EFBC}") = "AfterService", "Modules\AfterService\AfterService.csproj", "{9C31B07A-10EC-403C-8329-021664DAFE82}"
EndProject
Project("{FAE04EC0-301F-11D3-BF4B-00C04F79EFBC}") = "StorageService", "Modules\StorageService\StorageService.csproj", "{25DC17CB-2B62-4FD7-B9C8-2180B2B912EA}"
EndProject
Project("{FAE04EC0-301F-11D3-BF4B-00C04F79EFBC}") = "MyAccess.MySql", "MyAccess.MySql\MyAccess.MySql.csproj", "{868C6835-F423-4AFD-BAA9-8E7E6FB281D2}"
EndProject
Project("{FAE04EC0-301F-11D3-BF4B-00C04F79EFBC}") = "MyAccess.MSSql", "MyAccess.MSSql\MyAccess.MSSql.csproj", "{E5F0BED4-1CF7-4B23-B12A-1E5C5C80FB61}"
EndProject
Project("{FAE04EC0-301F-11D3-BF4B-00C04F79EFBC}") = "MyAccess.Oracle", "MyAccess.Oracle\MyAccess.Oracle.csproj", "{AD6DBBC3-18D1-4725-8FE7-953219273312}"
EndProject
Project("{FAE04EC0-301F-11D3-BF4B-00C04F79EFBC}") = "MyAccess.Sqlite", "MyAccess.Sqlite\MyAccess.Sqlite.csproj", "{9F5AFF9C-56EA-4BB2-989C-60344C947EAC}"
EndProject
Project("{FAE04EC0-301F-11D3-BF4B-00C04F79EFBC}") = "Avalonia.WebView", "AirJointWebView\Avalonia.WebView\Avalonia.WebView.csproj", "{BBF31F35-F2CB-4AC2-A55B-3268A409A845}"
EndProject
Project("{FAE04EC0-301F-11D3-BF4B-00C04F79EFBC}") = "AvaloniaWebView.Shared", "AirJointWebView\AvaloniaWebView.Shared\AvaloniaWebView.Shared.csproj", "{36209865-03DD-45B9-80E8-0A250B7D7E6C}"
EndProject
Project("{FAE04EC0-301F-11D3-BF4B-00C04F79EFBC}") = "WebView.Core", "AirJointWebView\WebView.Core\WebView.Core.csproj", "{FC37F345-173E-4DD0-9A2F-B8D0E019F238}"
EndProject
Project("{FAE04EC0-301F-11D3-BF4B-00C04F79EFBC}") = "DryIoc.Shared", "AirJointWebView\DryIoc.Shared\DryIoc.Shared.csproj", "{69D20ABA-1960-4F36-A82E-C4FFF539E8BB}"
EndProject
Project("{FAE04EC0-301F-11D3-BF4B-00C04F79EFBC}") = "Avalonia.WebView.Desktop", "AirJointWebView\Platform\Desktop\Avalonia.WebView.Desktop\Avalonia.WebView.Desktop.csproj", "{A76744E0-FE37-4A74-83F8-6D225FDB95CE}"
EndProject
Project("{FAE04EC0-301F-11D3-BF4B-00C04F79EFBC}") = "Avalonia.WebView.Linux", "AirJointWebView\Platform\Linux\Avalonia.WebView.Linux\Avalonia.WebView.Linux.csproj", "{82F7E820-C5F9-4F0F-B299-C50E45F5CA51}"
EndProject
Project("{FAE04EC0-301F-11D3-BF4B-00C04F79EFBC}") = "Avalonia.WebView.Windows", "AirJointWebView\Platform\Windows\Avalonia.WebView.Windows\Avalonia.WebView.Windows.csproj", "{864129DC-6E83-42A5-83F4-A7F4EEA23A21}"
EndProject
Project("{FAE04EC0-301F-11D3-BF4B-00C04F79EFBC}") = "Linux.WebView.Core", "AirJointWebView\Platform\Linux\Linux.WebView.Core\Linux.WebView.Core.csproj", "{05A6655C-2487-4C32-A78C-B737F01B0A18}"
EndProject
Project("{FAE04EC0-301F-11D3-BF4B-00C04F79EFBC}") = "Microsoft.Web.WebView2.Core", "AirJointWebView\Platform\Windows\Microsoft.Web.WebView2.Core\Microsoft.Web.WebView2.Core.csproj", "{58E91905-682B-4B42-8514-F64129378800}"
EndProject
Project("{FAE04EC0-301F-11D3-BF4B-00C04F79EFBC}") = "IoTAIService", "Modules\IoTAIService\IoTAIService.csproj", "{30FA2950-3D34-4921-9A92-CDFF365401E7}"
EndProject
Project("{FAE04EC0-301F-11D3-BF4B-00C04F79EFBC}") = "EasyNetQ", "Third\EasyNetQ\EasyNetQ.csproj", "{9AC292D8-4D3C-497B-B6A2-44B516FFE93F}"
EndProject
Project("{FAE04EC0-301F-11D3-BF4B-00C04F79EFBC}") = "RedirectMqtt", "Channel\RedirectMqtt\RedirectMqtt.csproj", "{0E8F2F05-196A-FA83-78F7-D47BD4B5706D}"
EndProject
Global
	GlobalSection(SolutionConfigurationPlatforms) = preSolution
		Debug|Any CPU = Debug|Any CPU
		Release|Any CPU = Release|Any CPU
	EndGlobalSection
	GlobalSection(ProjectConfigurationPlatforms) = postSolution
		{653E0861-5B48-49DC-98CE-A725D2DEACB8}.Debug|Any CPU.ActiveCfg = Debug|Any CPU
		{653E0861-5B48-49DC-98CE-A725D2DEACB8}.Debug|Any CPU.Build.0 = Debug|Any CPU
		{653E0861-5B48-49DC-98CE-A725D2DEACB8}.Release|Any CPU.ActiveCfg = Release|Any CPU
		{653E0861-5B48-49DC-98CE-A725D2DEACB8}.Release|Any CPU.Build.0 = Release|Any CPU
		{2A35206C-78C2-495C-ABFB-2737227CD628}.Debug|Any CPU.ActiveCfg = Debug|Any CPU
		{2A35206C-78C2-495C-ABFB-2737227CD628}.Debug|Any CPU.Build.0 = Debug|Any CPU
		{2A35206C-78C2-495C-ABFB-2737227CD628}.Release|Any CPU.ActiveCfg = Release|Any CPU
		{2A35206C-78C2-495C-ABFB-2737227CD628}.Release|Any CPU.Build.0 = Release|Any CPU
		{D0BE4291-99F5-48A7-BF1D-35681FF522D6}.Debug|Any CPU.ActiveCfg = Debug|Any CPU
		{D0BE4291-99F5-48A7-BF1D-35681FF522D6}.Debug|Any CPU.Build.0 = Debug|Any CPU
		{D0BE4291-99F5-48A7-BF1D-35681FF522D6}.Release|Any CPU.ActiveCfg = Release|Any CPU
		{D0BE4291-99F5-48A7-BF1D-35681FF522D6}.Release|Any CPU.Build.0 = Release|Any CPU
		{358E968B-DDEF-43CA-B9D4-094B77FAE7F9}.Debug|Any CPU.ActiveCfg = Debug|Any CPU
		{358E968B-DDEF-43CA-B9D4-094B77FAE7F9}.Debug|Any CPU.Build.0 = Debug|Any CPU
		{358E968B-DDEF-43CA-B9D4-094B77FAE7F9}.Release|Any CPU.ActiveCfg = Release|Any CPU
		{358E968B-DDEF-43CA-B9D4-094B77FAE7F9}.Release|Any CPU.Build.0 = Release|Any CPU
		{467E0948-C3DA-4272-B2AA-0D6AA977A1E4}.Debug|Any CPU.ActiveCfg = Debug|Any CPU
		{467E0948-C3DA-4272-B2AA-0D6AA977A1E4}.Debug|Any CPU.Build.0 = Debug|Any CPU
		{467E0948-C3DA-4272-B2AA-0D6AA977A1E4}.Release|Any CPU.ActiveCfg = Release|Any CPU
		{467E0948-C3DA-4272-B2AA-0D6AA977A1E4}.Release|Any CPU.Build.0 = Release|Any CPU
		{1F5C8240-047D-4497-AE63-45A871DA74AD}.Debug|Any CPU.ActiveCfg = Debug|Any CPU
		{1F5C8240-047D-4497-AE63-45A871DA74AD}.Debug|Any CPU.Build.0 = Debug|Any CPU
		{1F5C8240-047D-4497-AE63-45A871DA74AD}.Release|Any CPU.ActiveCfg = Release|Any CPU
		{1F5C8240-047D-4497-AE63-45A871DA74AD}.Release|Any CPU.Build.0 = Release|Any CPU
		{08991597-2092-4A22-B924-862F68934F22}.Debug|Any CPU.ActiveCfg = Debug|Any CPU
		{08991597-2092-4A22-B924-862F68934F22}.Debug|Any CPU.Build.0 = Debug|Any CPU
		{08991597-2092-4A22-B924-862F68934F22}.Release|Any CPU.ActiveCfg = Release|Any CPU
		{08991597-2092-4A22-B924-862F68934F22}.Release|Any CPU.Build.0 = Release|Any CPU
		{FDF9771F-2FD3-468A-8895-F411FCD7343C}.Debug|Any CPU.ActiveCfg = Debug|Any CPU
		{FDF9771F-2FD3-468A-8895-F411FCD7343C}.Debug|Any CPU.Build.0 = Debug|Any CPU
		{FDF9771F-2FD3-468A-8895-F411FCD7343C}.Release|Any CPU.ActiveCfg = Release|Any CPU
		{FDF9771F-2FD3-468A-8895-F411FCD7343C}.Release|Any CPU.Build.0 = Release|Any CPU
		{50941521-5A70-4F72-8B0F-1FB3E7A01B3A}.Debug|Any CPU.ActiveCfg = Debug|Any CPU
		{50941521-5A70-4F72-8B0F-1FB3E7A01B3A}.Debug|Any CPU.Build.0 = Debug|Any CPU
		{50941521-5A70-4F72-8B0F-1FB3E7A01B3A}.Release|Any CPU.ActiveCfg = Release|Any CPU
		{50941521-5A70-4F72-8B0F-1FB3E7A01B3A}.Release|Any CPU.Build.0 = Release|Any CPU
		{7012915E-0F99-4277-98FE-359E7C106B07}.Debug|Any CPU.ActiveCfg = Debug|Any CPU
		{7012915E-0F99-4277-98FE-359E7C106B07}.Debug|Any CPU.Build.0 = Debug|Any CPU
		{7012915E-0F99-4277-98FE-359E7C106B07}.Release|Any CPU.ActiveCfg = Release|Any CPU
		{7012915E-0F99-4277-98FE-359E7C106B07}.Release|Any CPU.Build.0 = Release|Any CPU
		{CEE2F554-1E61-4C0D-B3F9-8E42DB7BCA2E}.Debug|Any CPU.ActiveCfg = Debug|Any CPU
		{CEE2F554-1E61-4C0D-B3F9-8E42DB7BCA2E}.Debug|Any CPU.Build.0 = Debug|Any CPU
		{CEE2F554-1E61-4C0D-B3F9-8E42DB7BCA2E}.Release|Any CPU.ActiveCfg = Release|Any CPU
		{CEE2F554-1E61-4C0D-B3F9-8E42DB7BCA2E}.Release|Any CPU.Build.0 = Release|Any CPU
		{E819AD9F-D651-4290-9485-5166DBAD944E}.Debug|Any CPU.ActiveCfg = Debug|Any CPU
		{E819AD9F-D651-4290-9485-5166DBAD944E}.Debug|Any CPU.Build.0 = Debug|Any CPU
		{E819AD9F-D651-4290-9485-5166DBAD944E}.Release|Any CPU.ActiveCfg = Release|Any CPU
		{E819AD9F-D651-4290-9485-5166DBAD944E}.Release|Any CPU.Build.0 = Release|Any CPU
		{11E917E9-C8C6-48EE-841A-88F7B7292528}.Debug|Any CPU.ActiveCfg = Debug|Any CPU
		{11E917E9-C8C6-48EE-841A-88F7B7292528}.Debug|Any CPU.Build.0 = Debug|Any CPU
		{11E917E9-C8C6-48EE-841A-88F7B7292528}.Release|Any CPU.ActiveCfg = Release|Any CPU
		{11E917E9-C8C6-48EE-841A-88F7B7292528}.Release|Any CPU.Build.0 = Release|Any CPU
		{4CD8BBBB-E049-4B66-90D5-DC11F6E2ABB9}.Debug|Any CPU.ActiveCfg = Debug|Any CPU
		{4CD8BBBB-E049-4B66-90D5-DC11F6E2ABB9}.Debug|Any CPU.Build.0 = Debug|Any CPU
		{4CD8BBBB-E049-4B66-90D5-DC11F6E2ABB9}.Release|Any CPU.ActiveCfg = Release|Any CPU
		{4CD8BBBB-E049-4B66-90D5-DC11F6E2ABB9}.Release|Any CPU.Build.0 = Release|Any CPU
		{E9FBCDF3-EEEF-4858-8667-133579CEA4D0}.Debug|Any CPU.ActiveCfg = Debug|Any CPU
		{E9FBCDF3-EEEF-4858-8667-133579CEA4D0}.Debug|Any CPU.Build.0 = Debug|Any CPU
		{E9FBCDF3-EEEF-4858-8667-133579CEA4D0}.Release|Any CPU.ActiveCfg = Release|Any CPU
		{E9FBCDF3-EEEF-4858-8667-133579CEA4D0}.Release|Any CPU.Build.0 = Release|Any CPU
		{200D967C-059A-46BE-899A-35AEA2CC306C}.Debug|Any CPU.ActiveCfg = Debug|Any CPU
		{200D967C-059A-46BE-899A-35AEA2CC306C}.Debug|Any CPU.Build.0 = Debug|Any CPU
		{200D967C-059A-46BE-899A-35AEA2CC306C}.Release|Any CPU.ActiveCfg = Release|Any CPU
		{200D967C-059A-46BE-899A-35AEA2CC306C}.Release|Any CPU.Build.0 = Release|Any CPU
		{EB438B1C-F575-40E5-A28D-9291FA7F425B}.Debug|Any CPU.ActiveCfg = Debug|Any CPU
		{EB438B1C-F575-40E5-A28D-9291FA7F425B}.Debug|Any CPU.Build.0 = Debug|Any CPU
		{EB438B1C-F575-40E5-A28D-9291FA7F425B}.Release|Any CPU.ActiveCfg = Release|Any CPU
		{EB438B1C-F575-40E5-A28D-9291FA7F425B}.Release|Any CPU.Build.0 = Release|Any CPU
		{80F9B9B6-8453-4755-8121-05E1F7AFFD4C}.Debug|Any CPU.ActiveCfg = Debug|Any CPU
		{80F9B9B6-8453-4755-8121-05E1F7AFFD4C}.Debug|Any CPU.Build.0 = Debug|Any CPU
		{80F9B9B6-8453-4755-8121-05E1F7AFFD4C}.Release|Any CPU.ActiveCfg = Release|Any CPU
		{80F9B9B6-8453-4755-8121-05E1F7AFFD4C}.Release|Any CPU.Build.0 = Release|Any CPU
		{3E31DDC8-BF59-43BE-A8A8-CDF8C7A9FC8C}.Debug|Any CPU.ActiveCfg = Debug|Any CPU
		{3E31DDC8-BF59-43BE-A8A8-CDF8C7A9FC8C}.Debug|Any CPU.Build.0 = Debug|Any CPU
		{3E31DDC8-BF59-43BE-A8A8-CDF8C7A9FC8C}.Release|Any CPU.ActiveCfg = Release|Any CPU
		{3E31DDC8-BF59-43BE-A8A8-CDF8C7A9FC8C}.Release|Any CPU.Build.0 = Release|Any CPU
		{E2205593-439D-44E6-95D1-BC8F395FFF9F}.Debug|Any CPU.ActiveCfg = Debug|Any CPU
		{E2205593-439D-44E6-95D1-BC8F395FFF9F}.Debug|Any CPU.Build.0 = Debug|Any CPU
		{E2205593-439D-44E6-95D1-BC8F395FFF9F}.Release|Any CPU.ActiveCfg = Release|Any CPU
		{E2205593-439D-44E6-95D1-BC8F395FFF9F}.Release|Any CPU.Build.0 = Release|Any CPU
		{E88AA897-149F-4E2D-B5B3-AD14B55E7105}.Debug|Any CPU.ActiveCfg = Debug|Any CPU
		{E88AA897-149F-4E2D-B5B3-AD14B55E7105}.Debug|Any CPU.Build.0 = Debug|Any CPU
		{E88AA897-149F-4E2D-B5B3-AD14B55E7105}.Release|Any CPU.ActiveCfg = Release|Any CPU
		{E88AA897-149F-4E2D-B5B3-AD14B55E7105}.Release|Any CPU.Build.0 = Release|Any CPU
		{F5800A4D-093E-4D3E-B358-488140D4D0C2}.Debug|Any CPU.ActiveCfg = Debug|Any CPU
		{F5800A4D-093E-4D3E-B358-488140D4D0C2}.Debug|Any CPU.Build.0 = Debug|Any CPU
		{F5800A4D-093E-4D3E-B358-488140D4D0C2}.Release|Any CPU.ActiveCfg = Release|Any CPU
		{F5800A4D-093E-4D3E-B358-488140D4D0C2}.Release|Any CPU.Build.0 = Release|Any CPU
		{0B3F2C8D-253C-4164-BD92-718C242A01CB}.Debug|Any CPU.ActiveCfg = Debug|Any CPU
		{0B3F2C8D-253C-4164-BD92-718C242A01CB}.Debug|Any CPU.Build.0 = Debug|Any CPU
		{0B3F2C8D-253C-4164-BD92-718C242A01CB}.Release|Any CPU.ActiveCfg = Release|Any CPU
		{0B3F2C8D-253C-4164-BD92-718C242A01CB}.Release|Any CPU.Build.0 = Release|Any CPU
		{A89481D9-46C4-44C9-BF8D-53C0A898F031}.Debug|Any CPU.ActiveCfg = Debug|Any CPU
		{A89481D9-46C4-44C9-BF8D-53C0A898F031}.Debug|Any CPU.Build.0 = Debug|Any CPU
		{A89481D9-46C4-44C9-BF8D-53C0A898F031}.Release|Any CPU.ActiveCfg = Release|Any CPU
		{A89481D9-46C4-44C9-BF8D-53C0A898F031}.Release|Any CPU.Build.0 = Release|Any CPU
		{E805670E-4BCA-4E45-BE94-E417B1B1B92A}.Debug|Any CPU.ActiveCfg = Debug|Any CPU
		{E805670E-4BCA-4E45-BE94-E417B1B1B92A}.Debug|Any CPU.Build.0 = Debug|Any CPU
		{E805670E-4BCA-4E45-BE94-E417B1B1B92A}.Release|Any CPU.ActiveCfg = Release|Any CPU
		{E805670E-4BCA-4E45-BE94-E417B1B1B92A}.Release|Any CPU.Build.0 = Release|Any CPU
		{D78431B5-95A3-451F-9185-183935D1246A}.Debug|Any CPU.ActiveCfg = Debug|Any CPU
		{D78431B5-95A3-451F-9185-183935D1246A}.Debug|Any CPU.Build.0 = Debug|Any CPU
		{D78431B5-95A3-451F-9185-183935D1246A}.Release|Any CPU.ActiveCfg = Release|Any CPU
		{D78431B5-95A3-451F-9185-183935D1246A}.Release|Any CPU.Build.0 = Release|Any CPU
		{2938CBB4-FB84-43B7-B4D1-6362D02C042F}.Debug|Any CPU.ActiveCfg = Debug|Any CPU
		{2938CBB4-FB84-43B7-B4D1-6362D02C042F}.Debug|Any CPU.Build.0 = Debug|Any CPU
		{2938CBB4-FB84-43B7-B4D1-6362D02C042F}.Release|Any CPU.ActiveCfg = Release|Any CPU
		{2938CBB4-FB84-43B7-B4D1-6362D02C042F}.Release|Any CPU.Build.0 = Release|Any CPU
		{406B2634-DD38-49A6-BECF-8CF447F997BD}.Debug|Any CPU.ActiveCfg = Debug|Any CPU
		{406B2634-DD38-49A6-BECF-8CF447F997BD}.Debug|Any CPU.Build.0 = Debug|Any CPU
		{406B2634-DD38-49A6-BECF-8CF447F997BD}.Release|Any CPU.ActiveCfg = Release|Any CPU
		{406B2634-DD38-49A6-BECF-8CF447F997BD}.Release|Any CPU.Build.0 = Release|Any CPU
		{85E4BB74-7468-45F4-89FD-4248B8EC8A6A}.Debug|Any CPU.ActiveCfg = Debug|Any CPU
		{85E4BB74-7468-45F4-89FD-4248B8EC8A6A}.Debug|Any CPU.Build.0 = Debug|Any CPU
		{85E4BB74-7468-45F4-89FD-4248B8EC8A6A}.Release|Any CPU.ActiveCfg = Release|Any CPU
		{85E4BB74-7468-45F4-89FD-4248B8EC8A6A}.Release|Any CPU.Build.0 = Release|Any CPU
		{8DAE1378-C9FC-4363-9596-CC1EDDA24E4E}.Debug|Any CPU.ActiveCfg = Debug|Any CPU
		{8DAE1378-C9FC-4363-9596-CC1EDDA24E4E}.Debug|Any CPU.Build.0 = Debug|Any CPU
		{8DAE1378-C9FC-4363-9596-CC1EDDA24E4E}.Release|Any CPU.ActiveCfg = Release|Any CPU
		{8DAE1378-C9FC-4363-9596-CC1EDDA24E4E}.Release|Any CPU.Build.0 = Release|Any CPU
		{2D14A70D-FAE1-4EA8-A0C9-D14D4A7864A6}.Debug|Any CPU.ActiveCfg = Debug|Any CPU
		{2D14A70D-FAE1-4EA8-A0C9-D14D4A7864A6}.Debug|Any CPU.Build.0 = Debug|Any CPU
		{2D14A70D-FAE1-4EA8-A0C9-D14D4A7864A6}.Release|Any CPU.ActiveCfg = Release|Any CPU
		{2D14A70D-FAE1-4EA8-A0C9-D14D4A7864A6}.Release|Any CPU.Build.0 = Release|Any CPU
		{3BB44CC3-0DDC-4E45-A5E6-2ED97A1745B5}.Debug|Any CPU.ActiveCfg = Debug|Any CPU
		{3BB44CC3-0DDC-4E45-A5E6-2ED97A1745B5}.Debug|Any CPU.Build.0 = Debug|Any CPU
		{3BB44CC3-0DDC-4E45-A5E6-2ED97A1745B5}.Release|Any CPU.ActiveCfg = Release|Any CPU
		{3BB44CC3-0DDC-4E45-A5E6-2ED97A1745B5}.Release|Any CPU.Build.0 = Release|Any CPU
		{AA6C87EB-5315-41F0-8E92-5552CFE33943}.Debug|Any CPU.ActiveCfg = Debug|Any CPU
		{AA6C87EB-5315-41F0-8E92-5552CFE33943}.Debug|Any CPU.Build.0 = Debug|Any CPU
		{AA6C87EB-5315-41F0-8E92-5552CFE33943}.Release|Any CPU.ActiveCfg = Release|Any CPU
		{AA6C87EB-5315-41F0-8E92-5552CFE33943}.Release|Any CPU.Build.0 = Release|Any CPU
		{319F0A6E-FE03-422F-B3A2-29E4AA578B74}.Debug|Any CPU.ActiveCfg = Debug|Any CPU
		{319F0A6E-FE03-422F-B3A2-29E4AA578B74}.Debug|Any CPU.Build.0 = Debug|Any CPU
		{319F0A6E-FE03-422F-B3A2-29E4AA578B74}.Release|Any CPU.ActiveCfg = Release|Any CPU
		{319F0A6E-FE03-422F-B3A2-29E4AA578B74}.Release|Any CPU.Build.0 = Release|Any CPU
		{12B9ED48-70D1-4979-88A3-C094FC8A3B38}.Debug|Any CPU.ActiveCfg = Debug|Any CPU
		{12B9ED48-70D1-4979-88A3-C094FC8A3B38}.Debug|Any CPU.Build.0 = Debug|Any CPU
		{12B9ED48-70D1-4979-88A3-C094FC8A3B38}.Release|Any CPU.ActiveCfg = Release|Any CPU
		{12B9ED48-70D1-4979-88A3-C094FC8A3B38}.Release|Any CPU.Build.0 = Release|Any CPU
		{9C31B07A-10EC-403C-8329-021664DAFE82}.Debug|Any CPU.ActiveCfg = Debug|Any CPU
		{9C31B07A-10EC-403C-8329-021664DAFE82}.Debug|Any CPU.Build.0 = Debug|Any CPU
		{9C31B07A-10EC-403C-8329-021664DAFE82}.Release|Any CPU.ActiveCfg = Release|Any CPU
		{9C31B07A-10EC-403C-8329-021664DAFE82}.Release|Any CPU.Build.0 = Release|Any CPU
		{25DC17CB-2B62-4FD7-B9C8-2180B2B912EA}.Debug|Any CPU.ActiveCfg = Debug|Any CPU
		{25DC17CB-2B62-4FD7-B9C8-2180B2B912EA}.Debug|Any CPU.Build.0 = Debug|Any CPU
		{25DC17CB-2B62-4FD7-B9C8-2180B2B912EA}.Release|Any CPU.ActiveCfg = Release|Any CPU
		{25DC17CB-2B62-4FD7-B9C8-2180B2B912EA}.Release|Any CPU.Build.0 = Release|Any CPU
		{868C6835-F423-4AFD-BAA9-8E7E6FB281D2}.Debug|Any CPU.ActiveCfg = Debug|Any CPU
		{868C6835-F423-4AFD-BAA9-8E7E6FB281D2}.Debug|Any CPU.Build.0 = Debug|Any CPU
		{868C6835-F423-4AFD-BAA9-8E7E6FB281D2}.Release|Any CPU.ActiveCfg = Release|Any CPU
		{868C6835-F423-4AFD-BAA9-8E7E6FB281D2}.Release|Any CPU.Build.0 = Release|Any CPU
		{E5F0BED4-1CF7-4B23-B12A-1E5C5C80FB61}.Debug|Any CPU.ActiveCfg = Debug|Any CPU
		{E5F0BED4-1CF7-4B23-B12A-1E5C5C80FB61}.Debug|Any CPU.Build.0 = Debug|Any CPU
		{E5F0BED4-1CF7-4B23-B12A-1E5C5C80FB61}.Release|Any CPU.ActiveCfg = Release|Any CPU
		{E5F0BED4-1CF7-4B23-B12A-1E5C5C80FB61}.Release|Any CPU.Build.0 = Release|Any CPU
		{AD6DBBC3-18D1-4725-8FE7-953219273312}.Debug|Any CPU.ActiveCfg = Debug|Any CPU
		{AD6DBBC3-18D1-4725-8FE7-953219273312}.Debug|Any CPU.Build.0 = Debug|Any CPU
		{AD6DBBC3-18D1-4725-8FE7-953219273312}.Release|Any CPU.ActiveCfg = Release|Any CPU
		{AD6DBBC3-18D1-4725-8FE7-953219273312}.Release|Any CPU.Build.0 = Release|Any CPU
		{9F5AFF9C-56EA-4BB2-989C-60344C947EAC}.Debug|Any CPU.ActiveCfg = Debug|Any CPU
		{9F5AFF9C-56EA-4BB2-989C-60344C947EAC}.Debug|Any CPU.Build.0 = Debug|Any CPU
		{9F5AFF9C-56EA-4BB2-989C-60344C947EAC}.Release|Any CPU.ActiveCfg = Release|Any CPU
		{9F5AFF9C-56EA-4BB2-989C-60344C947EAC}.Release|Any CPU.Build.0 = Release|Any CPU
		{BBF31F35-F2CB-4AC2-A55B-3268A409A845}.Debug|Any CPU.ActiveCfg = Debug|Any CPU
		{BBF31F35-F2CB-4AC2-A55B-3268A409A845}.Debug|Any CPU.Build.0 = Debug|Any CPU
		{BBF31F35-F2CB-4AC2-A55B-3268A409A845}.Release|Any CPU.ActiveCfg = Release|Any CPU
		{BBF31F35-F2CB-4AC2-A55B-3268A409A845}.Release|Any CPU.Build.0 = Release|Any CPU
		{36209865-03DD-45B9-80E8-0A250B7D7E6C}.Debug|Any CPU.ActiveCfg = Debug|Any CPU
		{36209865-03DD-45B9-80E8-0A250B7D7E6C}.Debug|Any CPU.Build.0 = Debug|Any CPU
		{36209865-03DD-45B9-80E8-0A250B7D7E6C}.Release|Any CPU.ActiveCfg = Release|Any CPU
		{36209865-03DD-45B9-80E8-0A250B7D7E6C}.Release|Any CPU.Build.0 = Release|Any CPU
		{FC37F345-173E-4DD0-9A2F-B8D0E019F238}.Debug|Any CPU.ActiveCfg = Debug|Any CPU
		{FC37F345-173E-4DD0-9A2F-B8D0E019F238}.Debug|Any CPU.Build.0 = Debug|Any CPU
		{FC37F345-173E-4DD0-9A2F-B8D0E019F238}.Release|Any CPU.ActiveCfg = Release|Any CPU
		{FC37F345-173E-4DD0-9A2F-B8D0E019F238}.Release|Any CPU.Build.0 = Release|Any CPU
		{69D20ABA-1960-4F36-A82E-C4FFF539E8BB}.Debug|Any CPU.ActiveCfg = Debug|Any CPU
		{69D20ABA-1960-4F36-A82E-C4FFF539E8BB}.Debug|Any CPU.Build.0 = Debug|Any CPU
		{69D20ABA-1960-4F36-A82E-C4FFF539E8BB}.Release|Any CPU.ActiveCfg = Release|Any CPU
		{69D20ABA-1960-4F36-A82E-C4FFF539E8BB}.Release|Any CPU.Build.0 = Release|Any CPU
		{A76744E0-FE37-4A74-83F8-6D225FDB95CE}.Debug|Any CPU.ActiveCfg = Debug|Any CPU
		{A76744E0-FE37-4A74-83F8-6D225FDB95CE}.Debug|Any CPU.Build.0 = Debug|Any CPU
		{A76744E0-FE37-4A74-83F8-6D225FDB95CE}.Release|Any CPU.ActiveCfg = Release|Any CPU
		{A76744E0-FE37-4A74-83F8-6D225FDB95CE}.Release|Any CPU.Build.0 = Release|Any CPU
		{82F7E820-C5F9-4F0F-B299-C50E45F5CA51}.Debug|Any CPU.ActiveCfg = Debug|Any CPU
		{82F7E820-C5F9-4F0F-B299-C50E45F5CA51}.Debug|Any CPU.Build.0 = Debug|Any CPU
		{82F7E820-C5F9-4F0F-B299-C50E45F5CA51}.Release|Any CPU.ActiveCfg = Release|Any CPU
		{82F7E820-C5F9-4F0F-B299-C50E45F5CA51}.Release|Any CPU.Build.0 = Release|Any CPU
		{864129DC-6E83-42A5-83F4-A7F4EEA23A21}.Debug|Any CPU.ActiveCfg = Debug|Any CPU
		{864129DC-6E83-42A5-83F4-A7F4EEA23A21}.Debug|Any CPU.Build.0 = Debug|Any CPU
		{864129DC-6E83-42A5-83F4-A7F4EEA23A21}.Release|Any CPU.ActiveCfg = Release|Any CPU
		{864129DC-6E83-42A5-83F4-A7F4EEA23A21}.Release|Any CPU.Build.0 = Release|Any CPU
		{05A6655C-2487-4C32-A78C-B737F01B0A18}.Debug|Any CPU.ActiveCfg = Debug|Any CPU
		{05A6655C-2487-4C32-A78C-B737F01B0A18}.Debug|Any CPU.Build.0 = Debug|Any CPU
		{05A6655C-2487-4C32-A78C-B737F01B0A18}.Release|Any CPU.ActiveCfg = Release|Any CPU
		{05A6655C-2487-4C32-A78C-B737F01B0A18}.Release|Any CPU.Build.0 = Release|Any CPU
		{58E91905-682B-4B42-8514-F64129378800}.Debug|Any CPU.ActiveCfg = Debug|Any CPU
		{58E91905-682B-4B42-8514-F64129378800}.Debug|Any CPU.Build.0 = Debug|Any CPU
		{58E91905-682B-4B42-8514-F64129378800}.Release|Any CPU.ActiveCfg = Release|Any CPU
		{58E91905-682B-4B42-8514-F64129378800}.Release|Any CPU.Build.0 = Release|Any CPU
		{30FA2950-3D34-4921-9A92-CDFF365401E7}.Debug|Any CPU.ActiveCfg = Debug|Any CPU
		{30FA2950-3D34-4921-9A92-CDFF365401E7}.Debug|Any CPU.Build.0 = Debug|Any CPU
		{30FA2950-3D34-4921-9A92-CDFF365401E7}.Release|Any CPU.ActiveCfg = Release|Any CPU
		{30FA2950-3D34-4921-9A92-CDFF365401E7}.Release|Any CPU.Build.0 = Release|Any CPU
		{9AC292D8-4D3C-497B-B6A2-44B516FFE93F}.Debug|Any CPU.ActiveCfg = Debug|Any CPU
		{9AC292D8-4D3C-497B-B6A2-44B516FFE93F}.Debug|Any CPU.Build.0 = Debug|Any CPU
		{9AC292D8-4D3C-497B-B6A2-44B516FFE93F}.Release|Any CPU.ActiveCfg = Release|Any CPU
		{9AC292D8-4D3C-497B-B6A2-44B516FFE93F}.Release|Any CPU.Build.0 = Release|Any CPU
		{0E8F2F05-196A-FA83-78F7-D47BD4B5706D}.Debug|Any CPU.ActiveCfg = Debug|Any CPU
		{0E8F2F05-196A-FA83-78F7-D47BD4B5706D}.Debug|Any CPU.Build.0 = Debug|Any CPU
		{0E8F2F05-196A-FA83-78F7-D47BD4B5706D}.Release|Any CPU.ActiveCfg = Release|Any CPU
		{0E8F2F05-196A-FA83-78F7-D47BD4B5706D}.Release|Any CPU.Build.0 = Release|Any CPU
	EndGlobalSection
	GlobalSection(SolutionProperties) = preSolution
		HideSolutionNode = FALSE
	EndGlobalSection
	GlobalSection(NestedProjects) = preSolution
		{1F5C8240-047D-4497-AE63-45A871DA74AD} = {C26B908B-B010-4265-8BDE-BFB935C899BF}
		{08991597-2092-4A22-B924-862F68934F22} = {CD28CBED-71E7-423E-8599-1521EBFBEF44}
		{FDF9771F-2FD3-468A-8895-F411FCD7343C} = {CD28CBED-71E7-423E-8599-1521EBFBEF44}
		{50941521-5A70-4F72-8B0F-1FB3E7A01B3A} = {CD28CBED-71E7-423E-8599-1521EBFBEF44}
		{7012915E-0F99-4277-98FE-359E7C106B07} = {CD28CBED-71E7-423E-8599-1521EBFBEF44}
		{CEE2F554-1E61-4C0D-B3F9-8E42DB7BCA2E} = {CD28CBED-71E7-423E-8599-1521EBFBEF44}
		{E819AD9F-D651-4290-9485-5166DBAD944E} = {CD28CBED-71E7-423E-8599-1521EBFBEF44}
		{11E917E9-C8C6-48EE-841A-88F7B7292528} = {CD28CBED-71E7-423E-8599-1521EBFBEF44}
		{4CD8BBBB-E049-4B66-90D5-DC11F6E2ABB9} = {CD28CBED-71E7-423E-8599-1521EBFBEF44}
		{E9FBCDF3-EEEF-4858-8667-133579CEA4D0} = {CD28CBED-71E7-423E-8599-1521EBFBEF44}
		{200D967C-059A-46BE-899A-35AEA2CC306C} = {CD28CBED-71E7-423E-8599-1521EBFBEF44}
		{EB438B1C-F575-40E5-A28D-9291FA7F425B} = {CD28CBED-71E7-423E-8599-1521EBFBEF44}
		{80F9B9B6-8453-4755-8121-05E1F7AFFD4C} = {CD28CBED-71E7-423E-8599-1521EBFBEF44}
		{3E31DDC8-BF59-43BE-A8A8-CDF8C7A9FC8C} = {C26B908B-B010-4265-8BDE-BFB935C899BF}
		{E2205593-439D-44E6-95D1-BC8F395FFF9F} = {CD28CBED-71E7-423E-8599-1521EBFBEF44}
		{E88AA897-149F-4E2D-B5B3-AD14B55E7105} = {CD28CBED-71E7-423E-8599-1521EBFBEF44}
		{F5800A4D-093E-4D3E-B358-488140D4D0C2} = {CD28CBED-71E7-423E-8599-1521EBFBEF44}
		{0B3F2C8D-253C-4164-BD92-718C242A01CB} = {CD28CBED-71E7-423E-8599-1521EBFBEF44}
		{A89481D9-46C4-44C9-BF8D-53C0A898F031} = {CD28CBED-71E7-423E-8599-1521EBFBEF44}
		{E805670E-4BCA-4E45-BE94-E417B1B1B92A} = {3ADA676F-4B01-4E10-B7BF-EAAD23A764EC}
		{D78431B5-95A3-451F-9185-183935D1246A} = {3ADA676F-4B01-4E10-B7BF-EAAD23A764EC}
		{2938CBB4-FB84-43B7-B4D1-6362D02C042F} = {C26B908B-B010-4265-8BDE-BFB935C899BF}
		{406B2634-DD38-49A6-BECF-8CF447F997BD} = {C26B908B-B010-4265-8BDE-BFB935C899BF}
		{85E4BB74-7468-45F4-89FD-4248B8EC8A6A} = {CD28CBED-71E7-423E-8599-1521EBFBEF44}
		{8DAE1378-C9FC-4363-9596-CC1EDDA24E4E} = {C4F73D91-B2AD-4365-9714-D119D7E056D5}
		{2D14A70D-FAE1-4EA8-A0C9-D14D4A7864A6} = {C4F73D91-B2AD-4365-9714-D119D7E056D5}
		{3BB44CC3-0DDC-4E45-A5E6-2ED97A1745B5} = {C4F73D91-B2AD-4365-9714-D119D7E056D5}
		{AA6C87EB-5315-41F0-8E92-5552CFE33943} = {CD28CBED-71E7-423E-8599-1521EBFBEF44}
		{319F0A6E-FE03-422F-B3A2-29E4AA578B74} = {CD28CBED-71E7-423E-8599-1521EBFBEF44}
		{12B9ED48-70D1-4979-88A3-C094FC8A3B38} = {CD28CBED-71E7-423E-8599-1521EBFBEF44}
		{9C31B07A-10EC-403C-8329-021664DAFE82} = {CD28CBED-71E7-423E-8599-1521EBFBEF44}
		{25DC17CB-2B62-4FD7-B9C8-2180B2B912EA} = {CD28CBED-71E7-423E-8599-1521EBFBEF44}
		{BBF31F35-F2CB-4AC2-A55B-3268A409A845} = {3ADA676F-4B01-4E10-B7BF-EAAD23A764EC}
		{36209865-03DD-45B9-80E8-0A250B7D7E6C} = {3ADA676F-4B01-4E10-B7BF-EAAD23A764EC}
		{FC37F345-173E-4DD0-9A2F-B8D0E019F238} = {3ADA676F-4B01-4E10-B7BF-EAAD23A764EC}
		{69D20ABA-1960-4F36-A82E-C4FFF539E8BB} = {3ADA676F-4B01-4E10-B7BF-EAAD23A764EC}
		{A76744E0-FE37-4A74-83F8-6D225FDB95CE} = {3ADA676F-4B01-4E10-B7BF-EAAD23A764EC}
		{82F7E820-C5F9-4F0F-B299-C50E45F5CA51} = {3ADA676F-4B01-4E10-B7BF-EAAD23A764EC}
		{864129DC-6E83-42A5-83F4-A7F4EEA23A21} = {3ADA676F-4B01-4E10-B7BF-EAAD23A764EC}
		{05A6655C-2487-4C32-A78C-B737F01B0A18} = {3ADA676F-4B01-4E10-B7BF-EAAD23A764EC}
		{58E91905-682B-4B42-8514-F64129378800} = {3ADA676F-4B01-4E10-B7BF-EAAD23A764EC}
		{30FA2950-3D34-4921-9A92-CDFF365401E7} = {CD28CBED-71E7-423E-8599-1521EBFBEF44}
		{9AC292D8-4D3C-497B-B6A2-44B516FFE93F} = {C4F73D91-B2AD-4365-9714-D119D7E056D5}
		{0E8F2F05-196A-FA83-78F7-D47BD4B5706D} = {C26B908B-B010-4265-8BDE-BFB935C899BF}
	EndGlobalSection
	GlobalSection(ExtensibilityGlobals) = postSolution
		SolutionGuid = {77EA5F0A-9A22-4C84-A103-055F8596621C}
	EndGlobalSection
EndGlobal
