{
  "name": "IoTCenterPlatformChinese",
  "version": "1.0.0",
  "lockfileVersion": 3,
  "requires": true,
  "packages": {
    "": {
      "name": "IoTCenterPlatformChinese",
      "version": "1.0.0",
      "license": "ISC",
      "dependencies": {
        "jweixin-module": "^1.6.0",
        "uni-ajax": "^2.5.1"
      }
    },
    "node_modules/jweixin-module": {
      "version": "1.6.0",
      "resolved": "https://registry.npmmirror.com/jweixin-module/-/jweixin-module-1.6.0.tgz",
      "integrity": "sha512-dGk9cf+ipipHmtzYmKZs5B2toX+p4hLyllGLF6xuC8t+B05oYxd8fYoaRz0T30U2n3RUv8a4iwvjhA+OcYz52w=="
    },
    "node_modules/uni-ajax": {
      "version": "2.6.0",
      "resolved": "https://registry.npmmirror.com/uni-ajax/-/uni-ajax-2.6.0.tgz",
      "integrity": "sha512-7ZW6KvYAC5SrmsCmEnTM28AxaLDvS6pM16cfzGslb6pTsb7rYDQ/X2Un7E7gDo8fmEQuxJ/Z/1YHDAg8NkeTCg=="
    }
  }
}
