{
  "name": "DigitalWxApp",
  "lockfileVersion": 2,
  "requires": true,
  "packages": {
    "": {
      "dependencies": {
        "uni-ajax": "^2.4.4"
      }
    },
    "node_modules/uni-ajax": {
      "version": "2.4.4",
      "resolved": "https://registry.npmmirror.com/uni-ajax/-/uni-ajax-2.4.4.tgz",
      "integrity": "sha512-2UlOek3FBD4C8jwouJWAf1NvoseYbpbQXnZ5GsECvZoFl9NrDiazian2tzfMCSQINu3+7uq5499hR2//PYC7PA=="
    }
  },
  "dependencies": {
    "uni-ajax": {
      "version": "2.4.4",
      "resolved": "https://registry.npmmirror.com/uni-ajax/-/uni-ajax-2.4.4.tgz",
      "integrity": "sha512-2UlOek3FBD4C8jwouJWAf1NvoseYbpbQXnZ5GsECvZoFl9NrDiazian2tzfMCSQINu3+7uq5499hR2//PYC7PA=="
    }
  }
}
